
Microsoft Visual Studio Solution File, Format Version 10.00
# Visual C# Express 2008
Project("{FAE04EC0-301F-11D3-BF4B-00C04F79EFBC}") = "FriendlyGame", "FriendlyGame\FriendlyGame.csproj", "{4B748B6A-A287-492E-9127-65F32EBE29EC}"
EndProject
Project("{FAE04EC0-301F-11D3-BF4B-00C04F79EFBC}") = "FriendlyEngine", "FriendlyEngine\FriendlyEngine.csproj", "{3495973E-C3CC-4DC6-B5A2-DA0029BE81DE}"
EndProject
Project("{FAE04EC0-301F-11D3-BF4B-00C04F79EFBC}") = "FriendlyEditor", "FriendlyEditor\FriendlyEditor.csproj", "{5090D460-7AFC-4423-A8AE-6106EE56A2F7}"
EndProject
Project("{FAE04EC0-301F-11D3-BF4B-00C04F79EFBC}") = "FriendlyContent", "FriendlyContent\FriendlyContent.csproj", "{A1BD2BA7-0850-443F-8447-BACA52E0AE4C}"
EndProject
Project("{FAE04EC0-301F-11D3-BF4B-00C04F79EFBC}") = "MusicShmup", "MusicShmup\MusicShmup.csproj", "{D335858F-9ADE-41D0-ABEE-7BE2B08E1EA6}"
EndProject
Global
	GlobalSection(SolutionConfigurationPlatforms) = preSolution
		Debug|Any CPU = Debug|Any CPU
		Debug|Mixed Platforms = Debug|Mixed Platforms
		Debug|x86 = Debug|x86
		Debug|Xbox 360 = Debug|Xbox 360
		Release|Any CPU = Release|Any CPU
		Release|Mixed Platforms = Release|Mixed Platforms
		Release|x86 = Release|x86
		Release|Xbox 360 = Release|Xbox 360
	EndGlobalSection
	GlobalSection(ProjectConfigurationPlatforms) = postSolution
		{4B748B6A-A287-492E-9127-65F32EBE29EC}.Debug|Any CPU.ActiveCfg = Debug|x86
		{4B748B6A-A287-492E-9127-65F32EBE29EC}.Debug|Mixed Platforms.ActiveCfg = Debug|x86
		{4B748B6A-A287-492E-9127-65F32EBE29EC}.Debug|Mixed Platforms.Build.0 = Debug|x86
		{4B748B6A-A287-492E-9127-65F32EBE29EC}.Debug|x86.ActiveCfg = Debug|x86
		{4B748B6A-A287-492E-9127-65F32EBE29EC}.Debug|x86.Build.0 = Debug|x86
		{4B748B6A-A287-492E-9127-65F32EBE29EC}.Debug|Xbox 360.ActiveCfg = Debug|x86
		{4B748B6A-A287-492E-9127-65F32EBE29EC}.Release|Any CPU.ActiveCfg = Release|x86
		{4B748B6A-A287-492E-9127-65F32EBE29EC}.Release|Mixed Platforms.ActiveCfg = Release|x86
		{4B748B6A-A287-492E-9127-65F32EBE29EC}.Release|Mixed Platforms.Build.0 = Release|x86
		{4B748B6A-A287-492E-9127-65F32EBE29EC}.Release|x86.ActiveCfg = Release|x86
		{4B748B6A-A287-492E-9127-65F32EBE29EC}.Release|x86.Build.0 = Release|x86
		{4B748B6A-A287-492E-9127-65F32EBE29EC}.Release|Xbox 360.ActiveCfg = Release|x86
		{3495973E-C3CC-4DC6-B5A2-DA0029BE81DE}.Debug|Any CPU.ActiveCfg = Debug|x86
		{3495973E-C3CC-4DC6-B5A2-DA0029BE81DE}.Debug|Mixed Platforms.ActiveCfg = Debug|x86
		{3495973E-C3CC-4DC6-B5A2-DA0029BE81DE}.Debug|Mixed Platforms.Build.0 = Debug|x86
		{3495973E-C3CC-4DC6-B5A2-DA0029BE81DE}.Debug|x86.ActiveCfg = Debug|x86
		{3495973E-C3CC-4DC6-B5A2-DA0029BE81DE}.Debug|x86.Build.0 = Debug|x86
		{3495973E-C3CC-4DC6-B5A2-DA0029BE81DE}.Debug|Xbox 360.ActiveCfg = Debug|x86
		{3495973E-C3CC-4DC6-B5A2-DA0029BE81DE}.Release|Any CPU.ActiveCfg = Release|x86
		{3495973E-C3CC-4DC6-B5A2-DA0029BE81DE}.Release|Mixed Platforms.ActiveCfg = Release|x86
		{3495973E-C3CC-4DC6-B5A2-DA0029BE81DE}.Release|Mixed Platforms.Build.0 = Release|x86
		{3495973E-C3CC-4DC6-B5A2-DA0029BE81DE}.Release|x86.ActiveCfg = Release|x86
		{3495973E-C3CC-4DC6-B5A2-DA0029BE81DE}.Release|x86.Build.0 = Release|x86
		{3495973E-C3CC-4DC6-B5A2-DA0029BE81DE}.Release|Xbox 360.ActiveCfg = Release|x86
		{5090D460-7AFC-4423-A8AE-6106EE56A2F7}.Debug|Any CPU.ActiveCfg = Debug|Any CPU
		{5090D460-7AFC-4423-A8AE-6106EE56A2F7}.Debug|Any CPU.Build.0 = Debug|Any CPU
		{5090D460-7AFC-4423-A8AE-6106EE56A2F7}.Debug|Mixed Platforms.ActiveCfg = Debug|Any CPU
		{5090D460-7AFC-4423-A8AE-6106EE56A2F7}.Debug|Mixed Platforms.Build.0 = Debug|Any CPU
		{5090D460-7AFC-4423-A8AE-6106EE56A2F7}.Debug|x86.ActiveCfg = Debug|x86
		{5090D460-7AFC-4423-A8AE-6106EE56A2F7}.Debug|x86.Build.0 = Debug|x86
		{5090D460-7AFC-4423-A8AE-6106EE56A2F7}.Debug|Xbox 360.ActiveCfg = Debug|x86
		{5090D460-7AFC-4423-A8AE-6106EE56A2F7}.Release|Any CPU.ActiveCfg = Release|Any CPU
		{5090D460-7AFC-4423-A8AE-6106EE56A2F7}.Release|Any CPU.Build.0 = Release|Any CPU
		{5090D460-7AFC-4423-A8AE-6106EE56A2F7}.Release|Mixed Platforms.ActiveCfg = Release|Any CPU
		{5090D460-7AFC-4423-A8AE-6106EE56A2F7}.Release|Mixed Platforms.Build.0 = Release|Any CPU
		{5090D460-7AFC-4423-A8AE-6106EE56A2F7}.Release|x86.ActiveCfg = Release|Any CPU
		{5090D460-7AFC-4423-A8AE-6106EE56A2F7}.Release|Xbox 360.ActiveCfg = Release|x86
		{A1BD2BA7-0850-443F-8447-BACA52E0AE4C}.Debug|Any CPU.ActiveCfg = Debug|Xbox 360
		{A1BD2BA7-0850-443F-8447-BACA52E0AE4C}.Debug|Mixed Platforms.ActiveCfg = Debug|Xbox 360
		{A1BD2BA7-0850-443F-8447-BACA52E0AE4C}.Debug|Mixed Platforms.Build.0 = Debug|Xbox 360
		{A1BD2BA7-0850-443F-8447-BACA52E0AE4C}.Debug|x86.ActiveCfg = Debug|x86
		{A1BD2BA7-0850-443F-8447-BACA52E0AE4C}.Debug|x86.Build.0 = Debug|x86
		{A1BD2BA7-0850-443F-8447-BACA52E0AE4C}.Debug|Xbox 360.ActiveCfg = Debug|Xbox 360
		{A1BD2BA7-0850-443F-8447-BACA52E0AE4C}.Debug|Xbox 360.Build.0 = Debug|Xbox 360
		{A1BD2BA7-0850-443F-8447-BACA52E0AE4C}.Release|Any CPU.ActiveCfg = Release|Xbox 360
		{A1BD2BA7-0850-443F-8447-BACA52E0AE4C}.Release|Mixed Platforms.ActiveCfg = Release|Xbox 360
		{A1BD2BA7-0850-443F-8447-BACA52E0AE4C}.Release|Mixed Platforms.Build.0 = Release|Xbox 360
		{A1BD2BA7-0850-443F-8447-BACA52E0AE4C}.Release|x86.ActiveCfg = Release|x86
		{A1BD2BA7-0850-443F-8447-BACA52E0AE4C}.Release|x86.Build.0 = Release|x86
		{A1BD2BA7-0850-443F-8447-BACA52E0AE4C}.Release|Xbox 360.ActiveCfg = Release|Xbox 360
		{A1BD2BA7-0850-443F-8447-BACA52E0AE4C}.Release|Xbox 360.Build.0 = Release|Xbox 360
		{D335858F-9ADE-41D0-ABEE-7BE2B08E1EA6}.Debug|Any CPU.ActiveCfg = Debug|x86
		{D335858F-9ADE-41D0-ABEE-7BE2B08E1EA6}.Debug|Mixed Platforms.ActiveCfg = Debug|x86
		{D335858F-9ADE-41D0-ABEE-7BE2B08E1EA6}.Debug|Mixed Platforms.Build.0 = Debug|x86
		{D335858F-9ADE-41D0-ABEE-7BE2B08E1EA6}.Debug|x86.ActiveCfg = Debug|x86
		{D335858F-9ADE-41D0-ABEE-7BE2B08E1EA6}.Debug|x86.Build.0 = Debug|x86
		{D335858F-9ADE-41D0-ABEE-7BE2B08E1EA6}.Debug|Xbox 360.ActiveCfg = Debug|x86
		{D335858F-9ADE-41D0-ABEE-7BE2B08E1EA6}.Release|Any CPU.ActiveCfg = Release|x86
		{D335858F-9ADE-41D0-ABEE-7BE2B08E1EA6}.Release|Mixed Platforms.ActiveCfg = Release|x86
		{D335858F-9ADE-41D0-ABEE-7BE2B08E1EA6}.Release|Mixed Platforms.Build.0 = Release|x86
		{D335858F-9ADE-41D0-ABEE-7BE2B08E1EA6}.Release|x86.ActiveCfg = Release|x86
		{D335858F-9ADE-41D0-ABEE-7BE2B08E1EA6}.Release|x86.Build.0 = Release|x86
		{D335858F-9ADE-41D0-ABEE-7BE2B08E1EA6}.Release|Xbox 360.ActiveCfg = Release|x86
		{5D97FAC9-D771-4FAB-9D3B-B0C7F55E3D4A}.Debug|Any CPU.ActiveCfg = Debug|x86
		{5D97FAC9-D771-4FAB-9D3B-B0C7F55E3D4A}.Debug|Mixed Platforms.ActiveCfg = Debug|x86
		{5D97FAC9-D771-4FAB-9D3B-B0C7F55E3D4A}.Debug|x86.ActiveCfg = Debug|x86
		{5D97FAC9-D771-4FAB-9D3B-B0C7F55E3D4A}.Debug|Xbox 360.ActiveCfg = Debug|x86
		{5D97FAC9-D771-4FAB-9D3B-B0C7F55E3D4A}.Release|Any CPU.ActiveCfg = Release|x86
		{5D97FAC9-D771-4FAB-9D3B-B0C7F55E3D4A}.Release|Mixed Platforms.ActiveCfg = Release|x86
		{5D97FAC9-D771-4FAB-9D3B-B0C7F55E3D4A}.Release|x86.ActiveCfg = Release|x86
		{5D97FAC9-D771-4FAB-9D3B-B0C7F55E3D4A}.Release|Xbox 360.ActiveCfg = Release|x86
		{188D579C-A89D-41C4-B32F-AE4BFA65924B}.Debug|Any CPU.ActiveCfg = Debug|x86
		{188D579C-A89D-41C4-B32F-AE4BFA65924B}.Debug|Mixed Platforms.ActiveCfg = Debug|x86
		{188D579C-A89D-41C4-B32F-AE4BFA65924B}.Debug|x86.ActiveCfg = Debug|x86
		{188D579C-A89D-41C4-B32F-AE4BFA65924B}.Debug|Xbox 360.ActiveCfg = Debug|x86
		{188D579C-A89D-41C4-B32F-AE4BFA65924B}.Release|Any CPU.ActiveCfg = Release|x86
		{188D579C-A89D-41C4-B32F-AE4BFA65924B}.Release|Mixed Platforms.ActiveCfg = Release|x86
		{188D579C-A89D-41C4-B32F-AE4BFA65924B}.Release|x86.ActiveCfg = Release|x86
		{188D579C-A89D-41C4-B32F-AE4BFA65924B}.Release|Xbox 360.ActiveCfg = Release|x86
		{05555450-ED63-4FA9-B188-56972EC6B341}.Debug|Any CPU.ActiveCfg = Debug|x86
		{05555450-ED63-4FA9-B188-56972EC6B341}.Debug|Mixed Platforms.ActiveCfg = Debug|x86
		{05555450-ED63-4FA9-B188-56972EC6B341}.Debug|x86.ActiveCfg = Debug|x86
		{05555450-ED63-4FA9-B188-56972EC6B341}.Debug|Xbox 360.ActiveCfg = Debug|x86
		{05555450-ED63-4FA9-B188-56972EC6B341}.Release|Any CPU.ActiveCfg = Release|x86
		{05555450-ED63-4FA9-B188-56972EC6B341}.Release|Mixed Platforms.ActiveCfg = Release|x86
		{05555450-ED63-4FA9-B188-56972EC6B341}.Release|x86.ActiveCfg = Release|x86
		{05555450-ED63-4FA9-B188-56972EC6B341}.Release|Xbox 360.ActiveCfg = Release|x86
	EndGlobalSection
	GlobalSection(SolutionProperties) = preSolution
		HideSolutionNode = FALSE
	EndGlobalSection
EndGlobal
